
Microsoft Visual Studio Solution File, Format Version 12.00
# Visual Studio Version 16
VisualStudioVersion = 16.0.29911.84
MinimumVisualStudioVersion = 10.0.40219.1
Project("{FAE04EC0-301F-11D3-BF4B-00C04F79EFBC}") = "ConsoleCurso_Nelio_Alves", "ConsoleCurso_Nelio_Alves\ConsoleCurso_Nelio_Alves.csproj", "{FAB8B5A7-DAB3-421A-9923-831848CB2CE9}"
EndProject
Project("{9A19103F-16F7-4668-BE54-9A1E7A4F7556}") = "ConsoleParte2", "ConsoleParte2\ConsoleParte2.csproj", "{7996660F-6225-469E-A075-68CAF5DD8F06}"
EndProject
Project("{9A19103F-16F7-4668-BE54-9A1E7A4F7556}") = "ConsoleCurso.Heranca", "Console.Curso.Heranca\ConsoleCurso.Heranca.csproj", "{FA08577C-3E44-4B38-8BF2-C90CF049FD43}"
EndProject
Project("{9A19103F-16F7-4668-BE54-9A1E7A4F7556}") = "ConsoleCurso.SisEmployee", "ConsoleCurso.Employee\ConsoleCurso.SisEmployee.csproj", "{9FE5EAB5-9706-4CA5-8A8E-7621968AB1D1}"
EndProject
Project("{9A19103F-16F7-4668-BE54-9A1E7A4F7556}") = "ConsoleCurso.ExercicioHP", "ConsoleCurso.ExercicioHP\ConsoleCurso.ExercicioHP.csproj", "{FCE5EEDF-E776-4CD3-AADB-4B3BA2C82C36}"
EndProject
Project("{FAE04EC0-301F-11D3-BF4B-00C04F79EFBC}") = "ConsoleCurso.ExercicioAbstract", "ConsoleCurso.ExercicioAbstract\ConsoleCurso.ExercicioAbstract.csproj", "{AAD9C304-9F21-42FC-A105-37D3E61403DF}"
EndProject
Global
	GlobalSection(SolutionConfigurationPlatforms) = preSolution
		Debug|Any CPU = Debug|Any CPU
		Release|Any CPU = Release|Any CPU
	EndGlobalSection
	GlobalSection(ProjectConfigurationPlatforms) = postSolution
		{FAB8B5A7-DAB3-421A-9923-831848CB2CE9}.Debug|Any CPU.ActiveCfg = Debug|Any CPU
		{FAB8B5A7-DAB3-421A-9923-831848CB2CE9}.Debug|Any CPU.Build.0 = Debug|Any CPU
		{FAB8B5A7-DAB3-421A-9923-831848CB2CE9}.Release|Any CPU.ActiveCfg = Release|Any CPU
		{FAB8B5A7-DAB3-421A-9923-831848CB2CE9}.Release|Any CPU.Build.0 = Release|Any CPU
		{7996660F-6225-469E-A075-68CAF5DD8F06}.Debug|Any CPU.ActiveCfg = Debug|Any CPU
		{7996660F-6225-469E-A075-68CAF5DD8F06}.Debug|Any CPU.Build.0 = Debug|Any CPU
		{7996660F-6225-469E-A075-68CAF5DD8F06}.Release|Any CPU.ActiveCfg = Release|Any CPU
		{7996660F-6225-469E-A075-68CAF5DD8F06}.Release|Any CPU.Build.0 = Release|Any CPU
		{FA08577C-3E44-4B38-8BF2-C90CF049FD43}.Debug|Any CPU.ActiveCfg = Debug|Any CPU
		{FA08577C-3E44-4B38-8BF2-C90CF049FD43}.Debug|Any CPU.Build.0 = Debug|Any CPU
		{FA08577C-3E44-4B38-8BF2-C90CF049FD43}.Release|Any CPU.ActiveCfg = Release|Any CPU
		{FA08577C-3E44-4B38-8BF2-C90CF049FD43}.Release|Any CPU.Build.0 = Release|Any CPU
		{9FE5EAB5-9706-4CA5-8A8E-7621968AB1D1}.Debug|Any CPU.ActiveCfg = Debug|Any CPU
		{9FE5EAB5-9706-4CA5-8A8E-7621968AB1D1}.Debug|Any CPU.Build.0 = Debug|Any CPU
		{9FE5EAB5-9706-4CA5-8A8E-7621968AB1D1}.Release|Any CPU.ActiveCfg = Release|Any CPU
		{9FE5EAB5-9706-4CA5-8A8E-7621968AB1D1}.Release|Any CPU.Build.0 = Release|Any CPU
		{FCE5EEDF-E776-4CD3-AADB-4B3BA2C82C36}.Debug|Any CPU.ActiveCfg = Debug|Any CPU
		{FCE5EEDF-E776-4CD3-AADB-4B3BA2C82C36}.Debug|Any CPU.Build.0 = Debug|Any CPU
		{FCE5EEDF-E776-4CD3-AADB-4B3BA2C82C36}.Release|Any CPU.ActiveCfg = Release|Any CPU
		{FCE5EEDF-E776-4CD3-AADB-4B3BA2C82C36}.Release|Any CPU.Build.0 = Release|Any CPU
		{AAD9C304-9F21-42FC-A105-37D3E61403DF}.Debug|Any CPU.ActiveCfg = Debug|Any CPU
		{AAD9C304-9F21-42FC-A105-37D3E61403DF}.Debug|Any CPU.Build.0 = Debug|Any CPU
		{AAD9C304-9F21-42FC-A105-37D3E61403DF}.Release|Any CPU.ActiveCfg = Release|Any CPU
		{AAD9C304-9F21-42FC-A105-37D3E61403DF}.Release|Any CPU.Build.0 = Release|Any CPU
	EndGlobalSection
	GlobalSection(SolutionProperties) = preSolution
		HideSolutionNode = FALSE
	EndGlobalSection
	GlobalSection(ExtensibilityGlobals) = postSolution
		SolutionGuid = {38BD6CCA-07F7-44B6-8C97-595B73D4DED7}
	EndGlobalSection
EndGlobal
