
Microsoft Visual Studio Solution File, Format Version 12.00
# Visual Studio Version 16
VisualStudioVersion = 16.0.29911.84
MinimumVisualStudioVersion = 10.0.40219.1
Project("{FAE04EC0-301F-11D3-BF4B-00C04F79EFBC}") = "ConsoleCurso_Nelio_Alves", "ConsoleCurso_Nelio_Alves\ConsoleCurso_Nelio_Alves.csproj", "{FAB8B5A7-DAB3-421A-9923-831848CB2CE9}"
EndProject
Project("{FAE04EC0-301F-11D3-BF4B-00C04F79EFBC}") = "ConsoleParte2", "ConsoleParte2\ConsoleParte2.csproj", "{7996660F-6225-469E-A075-68CAF5DD8F06}"
EndProject
Global
	GlobalSection(SolutionConfigurationPlatforms) = preSolution
		Debug|Any CPU = Debug|Any CPU
		Release|Any CPU = Release|Any CPU
	EndGlobalSection
	GlobalSection(ProjectConfigurationPlatforms) = postSolution
		{FAB8B5A7-DAB3-421A-9923-831848CB2CE9}.Debug|Any CPU.ActiveCfg = Debug|Any CPU
		{FAB8B5A7-DAB3-421A-9923-831848CB2CE9}.Debug|Any CPU.Build.0 = Debug|Any CPU
		{FAB8B5A7-DAB3-421A-9923-831848CB2CE9}.Release|Any CPU.ActiveCfg = Release|Any CPU
		{FAB8B5A7-DAB3-421A-9923-831848CB2CE9}.Release|Any CPU.Build.0 = Release|Any CPU
		{7996660F-6225-469E-A075-68CAF5DD8F06}.Debug|Any CPU.ActiveCfg = Debug|Any CPU
		{7996660F-6225-469E-A075-68CAF5DD8F06}.Debug|Any CPU.Build.0 = Debug|Any CPU
		{7996660F-6225-469E-A075-68CAF5DD8F06}.Release|Any CPU.ActiveCfg = Release|Any CPU
		{7996660F-6225-469E-A075-68CAF5DD8F06}.Release|Any CPU.Build.0 = Release|Any CPU
	EndGlobalSection
	GlobalSection(SolutionProperties) = preSolution
		HideSolutionNode = FALSE
	EndGlobalSection
	GlobalSection(ExtensibilityGlobals) = postSolution
		SolutionGuid = {38BD6CCA-07F7-44B6-8C97-595B73D4DED7}
	EndGlobalSection
EndGlobal
